// !$*UTF8*$!
{
	archiveVersion = 1;
	classes = {
	};
	objectVersion = 46;
	objects = {

/* Begin PBXBuildFile section */
		BCE62F3E1C6E8B87009C23C6 /* AppDelegate.swift in Sources */ = {isa = PBXBuildFile; fileRef = BCE62F3D1C6E8B87009C23C6 /* AppDelegate.swift */; };
		BCE62F401C6E8B87009C23C6 /* ViewController.swift in Sources */ = {isa = PBXBuildFile; fileRef = BCE62F3F1C6E8B87009C23C6 /* ViewController.swift */; };
		BCE62F431C6E8B87009C23C6 /* Main.storyboard in Resources */ = {isa = PBXBuildFile; fileRef = BCE62F411C6E8B87009C23C6 /* Main.storyboard */; };
		BCE62F461C6E8B87009C23C6 /* Tcd.xcdatamodeld in Sources */ = {isa = PBXBuildFile; fileRef = BCE62F441C6E8B87009C23C6 /* Tcd.xcdatamodeld */; };
		BCE62F481C6E8B87009C23C6 /* Assets.xcassets in Resources */ = {isa = PBXBuildFile; fileRef = BCE62F471C6E8B87009C23C6 /* Assets.xcassets */; };
		BCE62F4B1C6E8B87009C23C6 /* LaunchScreen.storyboard in Resources */ = {isa = PBXBuildFile; fileRef = BCE62F491C6E8B87009C23C6 /* LaunchScreen.storyboard */; };
		BCE62F561C6E8B87009C23C6 /* TcdTests.swift in Sources */ = {isa = PBXBuildFile; fileRef = BCE62F551C6E8B87009C23C6 /* TcdTests.swift */; };
		BCE62F611C6E8B87009C23C6 /* TcdUITests.swift in Sources */ = {isa = PBXBuildFile; fileRef = BCE62F601C6E8B87009C23C6 /* TcdUITests.swift */; };
		BCE62F701C6E8D0A009C23C6 /* LogItem+CoreDataProperties.swift in Sources */ = {isa = PBXBuildFile; fileRef = BCE62F6E1C6E8D0A009C23C6 /* LogItem+CoreDataProperties.swift */; };
		BCE62F711C6E8D0A009C23C6 /* LogItem+CoreDataProperties.swift in Sources */ = {isa = PBXBuildFile; fileRef = BCE62F6E1C6E8D0A009C23C6 /* LogItem+CoreDataProperties.swift */; };
		BCE62F721C6E8D0A009C23C6 /* LogItem+CoreDataProperties.swift in Sources */ = {isa = PBXBuildFile; fileRef = BCE62F6E1C6E8D0A009C23C6 /* LogItem+CoreDataProperties.swift */; };
		BCE62F731C6E8D0A009C23C6 /* LogItem.swift in Sources */ = {isa = PBXBuildFile; fileRef = BCE62F6F1C6E8D0A009C23C6 /* LogItem.swift */; };
		BCE62F741C6E8D0A009C23C6 /* LogItem.swift in Sources */ = {isa = PBXBuildFile; fileRef = BCE62F6F1C6E8D0A009C23C6 /* LogItem.swift */; };
		BCE62F751C6E8D0A009C23C6 /* LogItem.swift in Sources */ = {isa = PBXBuildFile; fileRef = BCE62F6F1C6E8D0A009C23C6 /* LogItem.swift */; };
		BCE62FB41C6EBA0E009C23C6 /* TableViewController.swift in Sources */ = {isa = PBXBuildFile; fileRef = BCE62FB31C6EBA0E009C23C6 /* TableViewController.swift */; };
		BCE62FB51C6EBA0E009C23C6 /* TableViewController.swift in Sources */ = {isa = PBXBuildFile; fileRef = BCE62FB31C6EBA0E009C23C6 /* TableViewController.swift */; };
		BCE62FB61C6EBA0E009C23C6 /* TableViewController.swift in Sources */ = {isa = PBXBuildFile; fileRef = BCE62FB31C6EBA0E009C23C6 /* TableViewController.swift */; };
		BCE62FB71C6EC9B2009C23C6 /* AppDelegate.swift in Sources */ = {isa = PBXBuildFile; fileRef = BCE62F3D1C6E8B87009C23C6 /* AppDelegate.swift */; };
		BCE62FB81C6EC9B3009C23C6 /* AppDelegate.swift in Sources */ = {isa = PBXBuildFile; fileRef = BCE62F3D1C6E8B87009C23C6 /* AppDelegate.swift */; };
/* End PBXBuildFile section */

/* Begin PBXContainerItemProxy section */
		BCE62F521C6E8B87009C23C6 /* PBXContainerItemProxy */ = {
			isa = PBXContainerItemProxy;
			containerPortal = BCE62F321C6E8B87009C23C6 /* Project object */;
			proxyType = 1;
			remoteGlobalIDString = BCE62F391C6E8B87009C23C6;
			remoteInfo = Tcd;
		};
		BCE62F5D1C6E8B87009C23C6 /* PBXContainerItemProxy */ = {
			isa = PBXContainerItemProxy;
			containerPortal = BCE62F321C6E8B87009C23C6 /* Project object */;
			proxyType = 1;
			remoteGlobalIDString = BCE62F391C6E8B87009C23C6;
			remoteInfo = Tcd;
		};
/* End PBXContainerItemProxy section */

/* Begin PBXFileReference section */
		BCE62F3A1C6E8B87009C23C6 /* Tcd.app */ = {isa = PBXFileReference; explicitFileType = wrapper.application; includeInIndex = 0; path = Tcd.app; sourceTree = BUILT_PRODUCTS_DIR; };
		BCE62F3D1C6E8B87009C23C6 /* AppDelegate.swift */ = {isa = PBXFileReference; lastKnownFileType = sourcecode.swift; path = AppDelegate.swift; sourceTree = "<group>"; };
		BCE62F3F1C6E8B87009C23C6 /* ViewController.swift */ = {isa = PBXFileReference; lastKnownFileType = sourcecode.swift; path = ViewController.swift; sourceTree = "<group>"; };
		BCE62F421C6E8B87009C23C6 /* Base */ = {isa = PBXFileReference; lastKnownFileType = file.storyboard; name = Base; path = Base.lproj/Main.storyboard; sourceTree = "<group>"; };
		BCE62F451C6E8B87009C23C6 /* Tcd.xcdatamodel */ = {isa = PBXFileReference; lastKnownFileType = wrapper.xcdatamodel; path = Tcd.xcdatamodel; sourceTree = "<group>"; };
		BCE62F471C6E8B87009C23C6 /* Assets.xcassets */ = {isa = PBXFileReference; lastKnownFileType = folder.assetcatalog; path = Assets.xcassets; sourceTree = "<group>"; };
		BCE62F4A1C6E8B87009C23C6 /* Base */ = {isa = PBXFileReference; lastKnownFileType = file.storyboard; name = Base; path = Base.lproj/LaunchScreen.storyboard; sourceTree = "<group>"; };
		BCE62F4C1C6E8B87009C23C6 /* Info.plist */ = {isa = PBXFileReference; lastKnownFileType = text.plist.xml; path = Info.plist; sourceTree = "<group>"; };
		BCE62F511C6E8B87009C23C6 /* TcdTests.xctest */ = {isa = PBXFileReference; explicitFileType = wrapper.cfbundle; includeInIndex = 0; path = TcdTests.xctest; sourceTree = BUILT_PRODUCTS_DIR; };
		BCE62F551C6E8B87009C23C6 /* TcdTests.swift */ = {isa = PBXFileReference; lastKnownFileType = sourcecode.swift; path = TcdTests.swift; sourceTree = "<group>"; };
		BCE62F571C6E8B87009C23C6 /* Info.plist */ = {isa = PBXFileReference; lastKnownFileType = text.plist.xml; path = Info.plist; sourceTree = "<group>"; };
		BCE62F5C1C6E8B87009C23C6 /* TcdUITests.xctest */ = {isa = PBXFileReference; explicitFileType = wrapper.cfbundle; includeInIndex = 0; path = TcdUITests.xctest; sourceTree = BUILT_PRODUCTS_DIR; };
		BCE62F601C6E8B87009C23C6 /* TcdUITests.swift */ = {isa = PBXFileReference; lastKnownFileType = sourcecode.swift; path = TcdUITests.swift; sourceTree = "<group>"; };
		BCE62F621C6E8B87009C23C6 /* Info.plist */ = {isa = PBXFileReference; lastKnownFileType = text.plist.xml; path = Info.plist; sourceTree = "<group>"; };
		BCE62F6E1C6E8D0A009C23C6 /* LogItem+CoreDataProperties.swift */ = {isa = PBXFileReference; fileEncoding = 4; lastKnownFileType = sourcecode.swift; path = "LogItem+CoreDataProperties.swift"; sourceTree = "<group>"; };
		BCE62F6F1C6E8D0A009C23C6 /* LogItem.swift */ = {isa = PBXFileReference; fileEncoding = 4; lastKnownFileType = sourcecode.swift; path = LogItem.swift; sourceTree = "<group>"; };
		BCE62FB31C6EBA0E009C23C6 /* TableViewController.swift */ = {isa = PBXFileReference; fileEncoding = 4; lastKnownFileType = sourcecode.swift; path = TableViewController.swift; sourceTree = "<group>"; };
/* End PBXFileReference section */

/* Begin PBXFrameworksBuildPhase section */
		BCE62F371C6E8B87009C23C6 /* Frameworks */ = {
			isa = PBXFrameworksBuildPhase;
			buildActionMask = 2147483647;
			files = (
			);
			runOnlyForDeploymentPostprocessing = 0;
		};
		BCE62F4E1C6E8B87009C23C6 /* Frameworks */ = {
			isa = PBXFrameworksBuildPhase;
			buildActionMask = 2147483647;
			files = (
			);
			runOnlyForDeploymentPostprocessing = 0;
		};
		BCE62F591C6E8B87009C23C6 /* Frameworks */ = {
			isa = PBXFrameworksBuildPhase;
			buildActionMask = 2147483647;
			files = (
			);
			runOnlyForDeploymentPostprocessing = 0;
		};
/* End PBXFrameworksBuildPhase section */

/* Begin PBXGroup section */
		BCE62F311C6E8B87009C23C6 = {
			isa = PBXGroup;
			children = (
				BCE62F3C1C6E8B87009C23C6 /* Tcd */,
				BCE62F541C6E8B87009C23C6 /* TcdTests */,
				BCE62F5F1C6E8B87009C23C6 /* TcdUITests */,
				BCE62F3B1C6E8B87009C23C6 /* Products */,
			);
			sourceTree = "<group>";
		};
		BCE62F3B1C6E8B87009C23C6 /* Products */ = {
			isa = PBXGroup;
			children = (
				BCE62F3A1C6E8B87009C23C6 /* Tcd.app */,
				BCE62F511C6E8B87009C23C6 /* TcdTests.xctest */,
				BCE62F5C1C6E8B87009C23C6 /* TcdUITests.xctest */,
			);
			name = Products;
			sourceTree = "<group>";
		};
		BCE62F3C1C6E8B87009C23C6 /* Tcd */ = {
			isa = PBXGroup;
			children = (
				BCE62F6E1C6E8D0A009C23C6 /* LogItem+CoreDataProperties.swift */,
				BCE62F6F1C6E8D0A009C23C6 /* LogItem.swift */,
				BCE62F3D1C6E8B87009C23C6 /* AppDelegate.swift */,
				BCE62F3F1C6E8B87009C23C6 /* ViewController.swift */,
				BCE62FB31C6EBA0E009C23C6 /* TableViewController.swift */,
				BCE62F411C6E8B87009C23C6 /* Main.storyboard */,
				BCE62F471C6E8B87009C23C6 /* Assets.xcassets */,
				BCE62F491C6E8B87009C23C6 /* LaunchScreen.storyboard */,
				BCE62F4C1C6E8B87009C23C6 /* Info.plist */,
				BCE62F441C6E8B87009C23C6 /* Tcd.xcdatamodeld */,
			);
			path = Tcd;
			sourceTree = "<group>";
		};
		BCE62F541C6E8B87009C23C6 /* TcdTests */ = {
			isa = PBXGroup;
			children = (
				BCE62F551C6E8B87009C23C6 /* TcdTests.swift */,
				BCE62F571C6E8B87009C23C6 /* Info.plist */,
			);
			path = TcdTests;
			sourceTree = "<group>";
		};
		BCE62F5F1C6E8B87009C23C6 /* TcdUITests */ = {
			isa = PBXGroup;
			children = (
				BCE62F601C6E8B87009C23C6 /* TcdUITests.swift */,
				BCE62F621C6E8B87009C23C6 /* Info.plist */,
			);
			path = TcdUITests;
			sourceTree = "<group>";
		};
/* End PBXGroup section */

/* Begin PBXNativeTarget section */
		BCE62F391C6E8B87009C23C6 /* Tcd */ = {
			isa = PBXNativeTarget;
			buildConfigurationList = BCE62F651C6E8B87009C23C6 /* Build configuration list for PBXNativeTarget "Tcd" */;
			buildPhases = (
				BCE62F361C6E8B87009C23C6 /* Sources */,
				BCE62F371C6E8B87009C23C6 /* Frameworks */,
				BCE62F381C6E8B87009C23C6 /* Resources */,
			);
			buildRules = (
			);
			dependencies = (
			);
			name = Tcd;
			productName = Tcd;
			productReference = BCE62F3A1C6E8B87009C23C6 /* Tcd.app */;
			productType = "com.apple.product-type.application";
		};
		BCE62F501C6E8B87009C23C6 /* TcdTests */ = {
			isa = PBXNativeTarget;
			buildConfigurationList = BCE62F681C6E8B87009C23C6 /* Build configuration list for PBXNativeTarget "TcdTests" */;
			buildPhases = (
				BCE62F4D1C6E8B87009C23C6 /* Sources */,
				BCE62F4E1C6E8B87009C23C6 /* Frameworks */,
				BCE62F4F1C6E8B87009C23C6 /* Resources */,
			);
			buildRules = (
			);
			dependencies = (
				BCE62F531C6E8B87009C23C6 /* PBXTargetDependency */,
			);
			name = TcdTests;
			productName = TcdTests;
			productReference = BCE62F511C6E8B87009C23C6 /* TcdTests.xctest */;
			productType = "com.apple.product-type.bundle.unit-test";
		};
		BCE62F5B1C6E8B87009C23C6 /* TcdUITests */ = {
			isa = PBXNativeTarget;
			buildConfigurationList = BCE62F6B1C6E8B87009C23C6 /* Build configuration list for PBXNativeTarget "TcdUITests" */;
			buildPhases = (
				BCE62F581C6E8B87009C23C6 /* Sources */,
				BCE62F591C6E8B87009C23C6 /* Frameworks */,
				BCE62F5A1C6E8B87009C23C6 /* Resources */,
			);
			buildRules = (
			);
			dependencies = (
				BCE62F5E1C6E8B87009C23C6 /* PBXTargetDependency */,
			);
			name = TcdUITests;
			productName = TcdUITests;
			productReference = BCE62F5C1C6E8B87009C23C6 /* TcdUITests.xctest */;
			productType = "com.apple.product-type.bundle.ui-testing";
		};
/* End PBXNativeTarget section */

/* Begin PBXProject section */
		BCE62F321C6E8B87009C23C6 /* Project object */ = {
			isa = PBXProject;
			attributes = {
				LastSwiftUpdateCheck = 0720;
				LastUpgradeCheck = 0720;
				ORGANIZATIONNAME = "Nick Scott";
				TargetAttributes = {
					BCE62F391C6E8B87009C23C6 = {
						CreatedOnToolsVersion = 7.2.1;
						DevelopmentTeam = QA5YEAKXYW;
					};
					BCE62F501C6E8B87009C23C6 = {
						CreatedOnToolsVersion = 7.2.1;
						DevelopmentTeam = QA5YEAKXYW;
						TestTargetID = BCE62F391C6E8B87009C23C6;
					};
					BCE62F5B1C6E8B87009C23C6 = {
						CreatedOnToolsVersion = 7.2.1;
						DevelopmentTeam = QA5YEAKXYW;
						TestTargetID = BCE62F391C6E8B87009C23C6;
					};
				};
			};
			buildConfigurationList = BCE62F351C6E8B87009C23C6 /* Build configuration list for PBXProject "Tcd" */;
			compatibilityVersion = "Xcode 3.2";
			developmentRegion = English;
			hasScannedForEncodings = 0;
			knownRegions = (
				en,
				Base,
			);
			mainGroup = BCE62F311C6E8B87009C23C6;
			productRefGroup = BCE62F3B1C6E8B87009C23C6 /* Products */;
			projectDirPath = "";
			projectRoot = "";
			targets = (
				BCE62F391C6E8B87009C23C6 /* Tcd */,
				BCE62F501C6E8B87009C23C6 /* TcdTests */,
				BCE62F5B1C6E8B87009C23C6 /* TcdUITests */,
			);
		};
/* End PBXProject section */

/* Begin PBXResourcesBuildPhase section */
		BCE62F381C6E8B87009C23C6 /* Resources */ = {
			isa = PBXResourcesBuildPhase;
			buildActionMask = 2147483647;
			files = (
				BCE62F4B1C6E8B87009C23C6 /* LaunchScreen.storyboard in Resources */,
				BCE62F481C6E8B87009C23C6 /* Assets.xcassets in Resources */,
				BCE62F431C6E8B87009C23C6 /* Main.storyboard in Resources */,
			);
			runOnlyForDeploymentPostprocessing = 0;
		};
		BCE62F4F1C6E8B87009C23C6 /* Resources */ = {
			isa = PBXResourcesBuildPhase;
			buildActionMask = 2147483647;
			files = (
			);
			runOnlyForDeploymentPostprocessing = 0;
		};
		BCE62F5A1C6E8B87009C23C6 /* Resources */ = {
			isa = PBXResourcesBuildPhase;
			buildActionMask = 2147483647;
			files = (
			);
			runOnlyForDeploymentPostprocessing = 0;
		};
/* End PBXResourcesBuildPhase section */

/* Begin PBXSourcesBuildPhase section */
		BCE62F361C6E8B87009C23C6 /* Sources */ = {
			isa = PBXSourcesBuildPhase;
			buildActionMask = 2147483647;
			files = (
				BCE62F731C6E8D0A009C23C6 /* LogItem.swift in Sources */,
				BCE62FB41C6EBA0E009C23C6 /* TableViewController.swift in Sources */,
				BCE62F401C6E8B87009C23C6 /* ViewController.swift in Sources */,
				BCE62F3E1C6E8B87009C23C6 /* AppDelegate.swift in Sources */,
				BCE62F701C6E8D0A009C23C6 /* LogItem+CoreDataProperties.swift in Sources */,
				BCE62F461C6E8B87009C23C6 /* Tcd.xcdatamodeld in Sources */,
			);
			runOnlyForDeploymentPostprocessing = 0;
		};
		BCE62F4D1C6E8B87009C23C6 /* Sources */ = {
			isa = PBXSourcesBuildPhase;
			buildActionMask = 2147483647;
			files = (
				BCE62F711C6E8D0A009C23C6 /* LogItem+CoreDataProperties.swift in Sources */,
				BCE62F741C6E8D0A009C23C6 /* LogItem.swift in Sources */,
				BCE62F561C6E8B87009C23C6 /* TcdTests.swift in Sources */,
				BCE62FB71C6EC9B2009C23C6 /* AppDelegate.swift in Sources */,
				BCE62FB51C6EBA0E009C23C6 /* TableViewController.swift in Sources */,
			);
			runOnlyForDeploymentPostprocessing = 0;
		};
		BCE62F581C6E8B87009C23C6 /* Sources */ = {
			isa = PBXSourcesBuildPhase;
			buildActionMask = 2147483647;
			files = (
				BCE62F721C6E8D0A009C23C6 /* LogItem+CoreDataProperties.swift in Sources */,
				BCE62F751C6E8D0A009C23C6 /* LogItem.swift in Sources */,
				BCE62F611C6E8B87009C23C6 /* TcdUITests.swift in Sources */,
				BCE62FB81C6EC9B3009C23C6 /* AppDelegate.swift in Sources */,
				BCE62FB61C6EBA0E009C23C6 /* TableViewController.swift in Sources */,
			);
			runOnlyForDeploymentPostprocessing = 0;
		};
/* End PBXSourcesBuildPhase section */

/* Begin PBXTargetDependency section */
		BCE62F531C6E8B87009C23C6 /* PBXTargetDependency */ = {
			isa = PBXTargetDependency;
			target = BCE62F391C6E8B87009C23C6 /* Tcd */;
			targetProxy = BCE62F521C6E8B87009C23C6 /* PBXContainerItemProxy */;
		};
		BCE62F5E1C6E8B87009C23C6 /* PBXTargetDependency */ = {
			isa = PBXTargetDependency;
			target = BCE62F391C6E8B87009C23C6 /* Tcd */;
			targetProxy = BCE62F5D1C6E8B87009C23C6 /* PBXContainerItemProxy */;
		};
/* End PBXTargetDependency section */

/* Begin PBXVariantGroup section */
		BCE62F411C6E8B87009C23C6 /* Main.storyboard */ = {
			isa = PBXVariantGroup;
			children = (
				BCE62F421C6E8B87009C23C6 /* Base */,
			);
			name = Main.storyboard;
			sourceTree = "<group>";
		};
		BCE62F491C6E8B87009C23C6 /* LaunchScreen.storyboard */ = {
			isa = PBXVariantGroup;
			children = (
				BCE62F4A1C6E8B87009C23C6 /* Base */,
			);
			name = LaunchScreen.storyboard;
			sourceTree = "<group>";
		};
/* End PBXVariantGroup section */

/* Begin XCBuildConfiguration section */
		BCE62F631C6E8B87009C23C6 /* Debug */ = {
			isa = XCBuildConfiguration;
			buildSettings = {
				ALWAYS_SEARCH_USER_PATHS = NO;
				CLANG_CXX_LANGUAGE_STANDARD = "gnu++0x";
				CLANG_CXX_LIBRARY = "libc++";
				CLANG_ENABLE_MODULES = YES;
				CLANG_ENABLE_OBJC_ARC = YES;
				CLANG_WARN_BOOL_CONVERSION = YES;
				CLANG_WARN_CONSTANT_CONVERSION = YES;
				CLANG_WARN_DIRECT_OBJC_ISA_USAGE = YES_ERROR;
				CLANG_WARN_EMPTY_BODY = YES;
				CLANG_WARN_ENUM_CONVERSION = YES;
				CLANG_WARN_INT_CONVERSION = YES;
				CLANG_WARN_OBJC_ROOT_CLASS = YES_ERROR;
				CLANG_WARN_UNREACHABLE_CODE = YES;
				CLANG_WARN__DUPLICATE_METHOD_MATCH = YES;
				"CODE_SIGN_IDENTITY[sdk=iphoneos*]" = "iPhone Developer";
				COPY_PHASE_STRIP = NO;
				DEBUG_INFORMATION_FORMAT = dwarf;
				ENABLE_STRICT_OBJC_MSGSEND = YES;
				ENABLE_TESTABILITY = YES;
				GCC_C_LANGUAGE_STANDARD = gnu99;
				GCC_DYNAMIC_NO_PIC = NO;
				GCC_NO_COMMON_BLOCKS = YES;
				GCC_OPTIMIZATION_LEVEL = 0;
				GCC_PREPROCESSOR_DEFINITIONS = (
					"DEBUG=1",
					"$(inherited)",
				);
				GCC_WARN_64_TO_32_BIT_CONVERSION = YES;
				GCC_WARN_ABOUT_RETURN_TYPE = YES_ERROR;
				GCC_WARN_UNDECLARED_SELECTOR = YES;
				GCC_WARN_UNINITIALIZED_AUTOS = YES_AGGRESSIVE;
				GCC_WARN_UNUSED_FUNCTION = YES;
				GCC_WARN_UNUSED_VARIABLE = YES;
				IPHONEOS_DEPLOYMENT_TARGET = 9.2;
				MTL_ENABLE_DEBUG_INFO = YES;
				ONLY_ACTIVE_ARCH = YES;
				SDKROOT = iphoneos;
				SWIFT_OPTIMIZATION_LEVEL = "-Onone";
				TARGETED_DEVICE_FAMILY = "1,2";
			};
			name = Debug;
		};
		BCE62F641C6E8B87009C23C6 /* Release */ = {
			isa = XCBuildConfiguration;
			buildSettings = {
				ALWAYS_SEARCH_USER_PATHS = NO;
				CLANG_CXX_LANGUAGE_STANDARD = "gnu++0x";
				CLANG_CXX_LIBRARY = "libc++";
				CLANG_ENABLE_MODULES = YES;
				CLANG_ENABLE_OBJC_ARC = YES;
				CLANG_WARN_BOOL_CONVERSION = YES;
				CLANG_WARN_CONSTANT_CONVERSION = YES;
				CLANG_WARN_DIRECT_OBJC_ISA_USAGE = YES_ERROR;
				CLANG_WARN_EMPTY_BODY = YES;
				CLANG_WARN_ENUM_CONVERSION = YES;
				CLANG_WARN_INT_CONVERSION = YES;
				CLANG_WARN_OBJC_ROOT_CLASS = YES_ERROR;
				CLANG_WARN_UNREACHABLE_CODE = YES;
				CLANG_WARN__DUPLICATE_METHOD_MATCH = YES;
				"CODE_SIGN_IDENTITY[sdk=iphoneos*]" = "iPhone Developer";
				COPY_PHASE_STRIP = NO;
				DEBUG_INFORMATION_FORMAT = "dwarf-with-dsym";
				ENABLE_NS_ASSERTIONS = NO;
				ENABLE_STRICT_OBJC_MSGSEND = YES;
				GCC_C_LANGUAGE_STANDARD = gnu99;
				GCC_NO_COMMON_BLOCKS = YES;
				GCC_WARN_64_TO_32_BIT_CONVERSION = YES;
				GCC_WARN_ABOUT_RETURN_TYPE = YES_ERROR;
				GCC_WARN_UNDECLARED_SELECTOR = YES;
				GCC_WARN_UNINITIALIZED_AUTOS = YES_AGGRESSIVE;
				GCC_WARN_UNUSED_FUNCTION = YES;
				GCC_WARN_UNUSED_VARIABLE = YES;
				IPHONEOS_DEPLOYMENT_TARGET = 9.2;
				MTL_ENABLE_DEBUG_INFO = NO;
				SDKROOT = iphoneos;
				TARGETED_DEVICE_FAMILY = "1,2";
				VALIDATE_PRODUCT = YES;
			};
			name = Release;
		};
		BCE62F661C6E8B87009C23C6 /* Debug */ = {
			isa = XCBuildConfiguration;
			buildSettings = {
				ASSETCATALOG_COMPILER_APPICON_NAME = AppIcon;
				INFOPLIST_FILE = Tcd/Info.plist;
				LD_RUNPATH_SEARCH_PATHS = "$(inherited) @executable_path/Frameworks";
				PRODUCT_BUNDLE_IDENTIFIER = com.halawriting.Tcd;
				PRODUCT_NAME = "$(TARGET_NAME)";
			};
			name = Debug;
		};
		BCE62F671C6E8B87009C23C6 /* Release */ = {
			isa = XCBuildConfiguration;
			buildSettings = {
				ASSETCATALOG_COMPILER_APPICON_NAME = AppIcon;
				INFOPLIST_FILE = Tcd/Info.plist;
				LD_RUNPATH_SEARCH_PATHS = "$(inherited) @executable_path/Frameworks";
				PRODUCT_BUNDLE_IDENTIFIER = com.halawriting.Tcd;
				PRODUCT_NAME = "$(TARGET_NAME)";
			};
			name = Release;
		};
		BCE62F691C6E8B87009C23C6 /* Debug */ = {
			isa = XCBuildConfiguration;
			buildSettings = {
				BUNDLE_LOADER = "$(TEST_HOST)";
				INFOPLIST_FILE = TcdTests/Info.plist;
				LD_RUNPATH_SEARCH_PATHS = "$(inherited) @executable_path/Frameworks @loader_path/Frameworks";
				PRODUCT_BUNDLE_IDENTIFIER = com.halawriting.TcdTests;
				PRODUCT_NAME = "$(TARGET_NAME)";
				TEST_HOST = "$(BUILT_PRODUCTS_DIR)/Tcd.app/Tcd";
			};
			name = Debug;
		};
		BCE62F6A1C6E8B87009C23C6 /* Release */ = {
			isa = XCBuildConfiguration;
			buildSettings = {
				BUNDLE_LOADER = "$(TEST_HOST)";
				INFOPLIST_FILE = TcdTests/Info.plist;
				LD_RUNPATH_SEARCH_PATHS = "$(inherited) @executable_path/Frameworks @loader_path/Frameworks";
				PRODUCT_BUNDLE_IDENTIFIER = com.halawriting.TcdTests;
				PRODUCT_NAME = "$(TARGET_NAME)";
				TEST_HOST = "$(BUILT_PRODUCTS_DIR)/Tcd.app/Tcd";
			};
			name = Release;
		};
		BCE62F6C1C6E8B87009C23C6 /* Debug */ = {
			isa = XCBuildConfiguration;
			buildSettings = {
				INFOPLIST_FILE = TcdUITests/Info.plist;
				LD_RUNPATH_SEARCH_PATHS = "$(inherited) @executable_path/Frameworks @loader_path/Frameworks";
				PRODUCT_BUNDLE_IDENTIFIER = com.halawriting.TcdUITests;
				PRODUCT_NAME = "$(TARGET_NAME)";
				TEST_TARGET_NAME = Tcd;
				USES_XCTRUNNER = YES;
			};
			name = Debug;
		};
		BCE62F6D1C6E8B87009C23C6 /* Release */ = {
			isa = XCBuildConfiguration;
			buildSettings = {
				INFOPLIST_FILE = TcdUITests/Info.plist;
				LD_RUNPATH_SEARCH_PATHS = "$(inherited) @executable_path/Frameworks @loader_path/Frameworks";
				PRODUCT_BUNDLE_IDENTIFIER = com.halawriting.TcdUITests;
				PRODUCT_NAME = "$(TARGET_NAME)";
				TEST_TARGET_NAME = Tcd;
				USES_XCTRUNNER = YES;
			};
			name = Release;
		};
/* End XCBuildConfiguration section */

/* Begin XCConfigurationList section */
		BCE62F351C6E8B87009C23C6 /* Build configuration list for PBXProject "Tcd" */ = {
			isa = XCConfigurationList;
			buildConfigurations = (
				BCE62F631C6E8B87009C23C6 /* Debug */,
				BCE62F641C6E8B87009C23C6 /* Release */,
			);
			defaultConfigurationIsVisible = 0;
			defaultConfigurationName = Release;
		};
		BCE62F651C6E8B87009C23C6 /* Build configuration list for PBXNativeTarget "Tcd" */ = {
			isa = XCConfigurationList;
			buildConfigurations = (
				BCE62F661C6E8B87009C23C6 /* Debug */,
				BCE62F671C6E8B87009C23C6 /* Release */,
			);
			defaultConfigurationIsVisible = 0;
		};
		BCE62F681C6E8B87009C23C6 /* Build configuration list for PBXNativeTarget "TcdTests" */ = {
			isa = XCConfigurationList;
			buildConfigurations = (
				BCE62F691C6E8B87009C23C6 /* Debug */,
				BCE62F6A1C6E8B87009C23C6 /* Release */,
			);
			defaultConfigurationIsVisible = 0;
		};
		BCE62F6B1C6E8B87009C23C6 /* Build configuration list for PBXNativeTarget "TcdUITests" */ = {
			isa = XCConfigurationList;
			buildConfigurations = (
				BCE62F6C1C6E8B87009C23C6 /* Debug */,
				BCE62F6D1C6E8B87009C23C6 /* Release */,
			);
			defaultConfigurationIsVisible = 0;
		};
/* End XCConfigurationList section */

/* Begin XCVersionGroup section */
		BCE62F441C6E8B87009C23C6 /* Tcd.xcdatamodeld */ = {
			isa = XCVersionGroup;
			children = (
				BCE62F451C6E8B87009C23C6 /* Tcd.xcdatamodel */,
			);
			currentVersion = BCE62F451C6E8B87009C23C6 /* Tcd.xcdatamodel */;
			path = Tcd.xcdatamodeld;
			sourceTree = "<group>";
			versionGroupType = wrapper.xcdatamodel;
		};
/* End XCVersionGroup section */
	};
	rootObject = BCE62F321C6E8B87009C23C6 /* Project object */;
}
